github.com/gobestsdk/log v0.0.0-20210406093712-f7a9633495be h1:Qp7k7YuPtv83FcY02ffLZBAmRzwx0UdVBZuSSdqor/U=
github.com/gobestsdk/log v0.0.0-20210406093712-f7a9633495be/go.mod h1:JbP1QQPDMR5SasUfo30l7FAxLtvoIqVMx3H0hIHKmMQ=
github.com/gobestsdk/trace v0.0.0-20210406093550-a169a54e8517/go.mod h1:OZUccstzgOmyAwxzXcjsC2iGgZ1db/ox7K4BWffyELM=
github.com/gobestsdk/types v0.0.0-20210426130404-1a8ae0a09142 h1:yFqVDkbfjTtVQupZbIFLD0gb3h+Fd2qVLLeX5ToBlHg=
github.com/gobestsdk/types v0.0.0-20210426130404-1a8ae0a09142/go.mod h1:rzJ3TJ4fC+BF7QRoYzn+p9Llof/I4bACZr3tYF6khOE=
gopkg.in/check.v1 v0.0.0-20161208181325-20d25e280405 h1:yhCVgyC4o1eVCa2tZl7eS0r+SDo693bJlVdllGtEeKM=
gopkg.in/check.v1 v0.0.0-20161208181325-20d25e280405/go.mod h1:Co6ibVJAznAaIkqp8huTwlJQCZ016jof/cbN4VW5Yz0=
gopkg.in/yaml.v2 v2.4.0 h1:D8xgwECY7CYvx+Y2n4sBz93Jn9JRvxdiyyo8CTfuKaY=
gopkg.in/yaml.v2 v2.4.0/go.mod h1:RDklbk79AGWmwhnvt/jBztapEOGDOx6ZbXqjP6csGnQ=
